
Microsoft Visual Studio Solution File, Format Version 12.00
# Visual Studio Version 16
VisualStudioVersion = 16.0.31605.320
MinimumVisualStudioVersion = 10.0.40219.1
Project("{9A19103F-16F7-4668-BE54-9A1E7A4F7556}") = "Gestamp.DB", "Gestamp.DB\Gestamp.DB.csproj", "{43D7FE7F-B8AC-42C7-9FDA-1B8A03C2B49A}"
EndProject
Project("{9A19103F-16F7-4668-BE54-9A1E7A4F7556}") = "Gestamp.API", "Gestamp.API\Gestamp.API.csproj", "{D2C3CE5F-3018-462C-894E-E61AC1B18E35}"
EndProject
Project("{E53339B2-1760-4266-BCC7-CA923CBCF16C}") = "docker-compose", "docker-compose.dcproj", "{C901D338-18D5-45A1-AE64-7A62D802C1A8}"
EndProject
Global
	GlobalSection(SolutionConfigurationPlatforms) = preSolution
		Debug|Any CPU = Debug|Any CPU
		Release|Any CPU = Release|Any CPU
	EndGlobalSection
	GlobalSection(ProjectConfigurationPlatforms) = postSolution
		{43D7FE7F-B8AC-42C7-9FDA-1B8A03C2B49A}.Debug|Any CPU.ActiveCfg = Debug|Any CPU
		{43D7FE7F-B8AC-42C7-9FDA-1B8A03C2B49A}.Debug|Any CPU.Build.0 = Debug|Any CPU
		{43D7FE7F-B8AC-42C7-9FDA-1B8A03C2B49A}.Release|Any CPU.ActiveCfg = Release|Any CPU
		{43D7FE7F-B8AC-42C7-9FDA-1B8A03C2B49A}.Release|Any CPU.Build.0 = Release|Any CPU
		{D2C3CE5F-3018-462C-894E-E61AC1B18E35}.Debug|Any CPU.ActiveCfg = Debug|Any CPU
		{D2C3CE5F-3018-462C-894E-E61AC1B18E35}.Debug|Any CPU.Build.0 = Debug|Any CPU
		{D2C3CE5F-3018-462C-894E-E61AC1B18E35}.Release|Any CPU.ActiveCfg = Release|Any CPU
		{D2C3CE5F-3018-462C-894E-E61AC1B18E35}.Release|Any CPU.Build.0 = Release|Any CPU
		{C901D338-18D5-45A1-AE64-7A62D802C1A8}.Debug|Any CPU.ActiveCfg = Debug|Any CPU
		{C901D338-18D5-45A1-AE64-7A62D802C1A8}.Debug|Any CPU.Build.0 = Debug|Any CPU
		{C901D338-18D5-45A1-AE64-7A62D802C1A8}.Release|Any CPU.ActiveCfg = Release|Any CPU
		{C901D338-18D5-45A1-AE64-7A62D802C1A8}.Release|Any CPU.Build.0 = Release|Any CPU
	EndGlobalSection
	GlobalSection(SolutionProperties) = preSolution
		HideSolutionNode = FALSE
	EndGlobalSection
	GlobalSection(ExtensibilityGlobals) = postSolution
		SolutionGuid = {3E5F9204-631D-4ADE-9BBA-B8018875EF7E}
	EndGlobalSection
EndGlobal
